
Microsoft Visual Studio Solution File, Format Version 12.00
# Visual Studio Version 17
VisualStudioVersion = 17.4.33213.308
MinimumVisualStudioVersion = 10.0.40219.1
Project("{FAE04EC0-301F-11D3-BF4B-00C04F79EFBC}") = "BookingSystem.API", "BookingSystem.API\BookingSystem.API.csproj", "{E81C8E93-5BF6-410C-8DE6-F3D0D81D4DB8}"
EndProject
Project("{FAE04EC0-301F-11D3-BF4B-00C04F79EFBC}") = "BookingSystem.Application", "BookingSystem.Application\BookingSystem.Application.csproj", "{1A06AA88-EE7B-4739-8251-931C640AF2B1}"
EndProject
Project("{FAE04EC0-301F-11D3-BF4B-00C04F79EFBC}") = "BookingSystem.Infrastructure", "BookingSystem.Infrastructure\BookingSystem.Infrastructure.csproj", "{01DE65E1-193C-4A0B-B7BE-D84B4282AC73}"
EndProject
Project("{FAE04EC0-301F-11D3-BF4B-00C04F79EFBC}") = "BookingSystem.Domin", "BookingSystem.Domin\BookingSystem.Domin.csproj", "{9AC2CD43-0184-4AD6-9AF6-CBAFB315109C}"
EndProject
Global
	GlobalSection(SolutionConfigurationPlatforms) = preSolution
		Debug|Any CPU = Debug|Any CPU
		Release|Any CPU = Release|Any CPU
	EndGlobalSection
	GlobalSection(ProjectConfigurationPlatforms) = postSolution
		{E81C8E93-5BF6-410C-8DE6-F3D0D81D4DB8}.Debug|Any CPU.ActiveCfg = Debug|Any CPU
		{E81C8E93-5BF6-410C-8DE6-F3D0D81D4DB8}.Debug|Any CPU.Build.0 = Debug|Any CPU
		{E81C8E93-5BF6-410C-8DE6-F3D0D81D4DB8}.Release|Any CPU.ActiveCfg = Release|Any CPU
		{E81C8E93-5BF6-410C-8DE6-F3D0D81D4DB8}.Release|Any CPU.Build.0 = Release|Any CPU
		{1A06AA88-EE7B-4739-8251-931C640AF2B1}.Debug|Any CPU.ActiveCfg = Debug|Any CPU
		{1A06AA88-EE7B-4739-8251-931C640AF2B1}.Debug|Any CPU.Build.0 = Debug|Any CPU
		{1A06AA88-EE7B-4739-8251-931C640AF2B1}.Release|Any CPU.ActiveCfg = Release|Any CPU
		{1A06AA88-EE7B-4739-8251-931C640AF2B1}.Release|Any CPU.Build.0 = Release|Any CPU
		{01DE65E1-193C-4A0B-B7BE-D84B4282AC73}.Debug|Any CPU.ActiveCfg = Debug|Any CPU
		{01DE65E1-193C-4A0B-B7BE-D84B4282AC73}.Debug|Any CPU.Build.0 = Debug|Any CPU
		{01DE65E1-193C-4A0B-B7BE-D84B4282AC73}.Release|Any CPU.ActiveCfg = Release|Any CPU
		{01DE65E1-193C-4A0B-B7BE-D84B4282AC73}.Release|Any CPU.Build.0 = Release|Any CPU
		{9AC2CD43-0184-4AD6-9AF6-CBAFB315109C}.Debug|Any CPU.ActiveCfg = Debug|Any CPU
		{9AC2CD43-0184-4AD6-9AF6-CBAFB315109C}.Debug|Any CPU.Build.0 = Debug|Any CPU
		{9AC2CD43-0184-4AD6-9AF6-CBAFB315109C}.Release|Any CPU.ActiveCfg = Release|Any CPU
		{9AC2CD43-0184-4AD6-9AF6-CBAFB315109C}.Release|Any CPU.Build.0 = Release|Any CPU
	EndGlobalSection
	GlobalSection(SolutionProperties) = preSolution
		HideSolutionNode = FALSE
	EndGlobalSection
	GlobalSection(ExtensibilityGlobals) = postSolution
		SolutionGuid = {281725ED-6AA9-46FA-AD85-2D481FA77288}
	EndGlobalSection
EndGlobal
